
Microsoft Visual Studio Solution File, Format Version 12.00
# Visual Studio Version 17
VisualStudioVersion = 17.5.33530.505
MinimumVisualStudioVersion = 10.0.40219.1
Project("{FAE04EC0-301F-11D3-BF4B-00C04F79EFBC}") = "Crypto", "Crypto\Crypto.csproj", "{009AFCD9-2AAF-466D-AA98-64D33E5E4E5F}"
EndProject
Global
	GlobalSection(SolutionConfigurationPlatforms) = preSolution
		Debug|Any CPU = Debug|Any CPU
		Release|Any CPU = Release|Any CPU
	EndGlobalSection
	GlobalSection(ProjectConfigurationPlatforms) = postSolution
		{009AFCD9-2AAF-466D-AA98-64D33E5E4E5F}.Debug|Any CPU.ActiveCfg = Debug|Any CPU
		{009AFCD9-2AAF-466D-AA98-64D33E5E4E5F}.Debug|Any CPU.Build.0 = Debug|Any CPU
		{009AFCD9-2AAF-466D-AA98-64D33E5E4E5F}.Release|Any CPU.ActiveCfg = Release|Any CPU
		{009AFCD9-2AAF-466D-AA98-64D33E5E4E5F}.Release|Any CPU.Build.0 = Release|Any CPU
	EndGlobalSection
	GlobalSection(SolutionProperties) = preSolution
		HideSolutionNode = FALSE
	EndGlobalSection
	GlobalSection(ExtensibilityGlobals) = postSolution
		SolutionGuid = {CA22899A-5F87-449C-85DC-9B790CC75217}
	EndGlobalSection
EndGlobal
